
Microsoft Visual Studio Solution File, Format Version 12.00
# Visual Studio Version 16
VisualStudioVersion = 16.0.30503.244
MinimumVisualStudioVersion = 10.0.40219.1
Project("{888888A0-9F3D-457C-B088-3A5042F75D52}") = "loopsÖvning", "loopsÖvning\loopsÖvning.pyproj", "{940CDB28-650F-48E1-8C74-D75C68A1E31F}"
EndProject
Global
	GlobalSection(SolutionConfigurationPlatforms) = preSolution
		Debug|Any CPU = Debug|Any CPU
		Release|Any CPU = Release|Any CPU
	EndGlobalSection
	GlobalSection(ProjectConfigurationPlatforms) = postSolution
		{940CDB28-650F-48E1-8C74-D75C68A1E31F}.Debug|Any CPU.ActiveCfg = Debug|Any CPU
		{940CDB28-650F-48E1-8C74-D75C68A1E31F}.Release|Any CPU.ActiveCfg = Release|Any CPU
	EndGlobalSection
	GlobalSection(SolutionProperties) = preSolution
		HideSolutionNode = FALSE
	EndGlobalSection
	GlobalSection(ExtensibilityGlobals) = postSolution
		SolutionGuid = {F81BE6FA-DE55-430F-9B7F-33A942782DC0}
	EndGlobalSection
EndGlobal
